
Microsoft Visual Studio Solution File, Format Version 12.00
# Visual Studio Version 16
VisualStudioVersion = 16.0.29102.190
MinimumVisualStudioVersion = 10.0.40219.1
Project("{FAE04EC0-301F-11D3-BF4B-00C04F79EFBC}") = "DolgozoProjekt", "DolgozoProjekt\DolgozoProjekt.csproj", "{428CB00C-00F4-4C6C-8FA7-481141788FB3}"
EndProject
Global
	GlobalSection(SolutionConfigurationPlatforms) = preSolution
		Debug|Any CPU = Debug|Any CPU
		Release|Any CPU = Release|Any CPU
	EndGlobalSection
	GlobalSection(ProjectConfigurationPlatforms) = postSolution
		{428CB00C-00F4-4C6C-8FA7-481141788FB3}.Debug|Any CPU.ActiveCfg = Debug|Any CPU
		{428CB00C-00F4-4C6C-8FA7-481141788FB3}.Debug|Any CPU.Build.0 = Debug|Any CPU
		{428CB00C-00F4-4C6C-8FA7-481141788FB3}.Release|Any CPU.ActiveCfg = Release|Any CPU
		{428CB00C-00F4-4C6C-8FA7-481141788FB3}.Release|Any CPU.Build.0 = Release|Any CPU
	EndGlobalSection
	GlobalSection(SolutionProperties) = preSolution
		HideSolutionNode = FALSE
	EndGlobalSection
	GlobalSection(ExtensibilityGlobals) = postSolution
		SolutionGuid = {2C42714B-07F6-40A2-9808-9AC14B03A47C}
	EndGlobalSection
EndGlobal
